
Microsoft Visual Studio Solution File, Format Version 12.00
# Visual Studio 2013
VisualStudioVersion = 12.0.21005.1
MinimumVisualStudioVersion = 10.0.40219.1
Project("{FAE04EC0-301F-11D3-BF4B-00C04F79EFBC}") = "TFG_CSharp_Server", "TFG_CSharp_Server\TFG_CSharp_Server.csproj", "{59AC966D-49E3-4D8F-98D1-D6155EF3BE07}"
EndProject
Global
	GlobalSection(SolutionConfigurationPlatforms) = preSolution
		Debug|Any CPU = Debug|Any CPU
		Release|Any CPU = Release|Any CPU
	EndGlobalSection
	GlobalSection(ProjectConfigurationPlatforms) = postSolution
		{59AC966D-49E3-4D8F-98D1-D6155EF3BE07}.Debug|Any CPU.ActiveCfg = Debug|Any CPU
		{59AC966D-49E3-4D8F-98D1-D6155EF3BE07}.Debug|Any CPU.Build.0 = Debug|Any CPU
		{59AC966D-49E3-4D8F-98D1-D6155EF3BE07}.Release|Any CPU.ActiveCfg = Release|Any CPU
		{59AC966D-49E3-4D8F-98D1-D6155EF3BE07}.Release|Any CPU.Build.0 = Release|Any CPU
	EndGlobalSection
	GlobalSection(SolutionProperties) = preSolution
		HideSolutionNode = FALSE
	EndGlobalSection
EndGlobal
